{
  "name": "app",
  "lockfileVersion": 2,
  "requires": true,
  "packages": {
    "": {
      "dependencies": {
        "array-find-last": "^1.0.1"
      }
    },
    "node_modules/array-find-last": {
      "version": "1.0.1",
      "resolved": "https://registry.npmjs.org/array-find-last/-/array-find-last-1.0.1.tgz",
      "integrity": "sha512-cadRoNZYhii2GByVyZqAFfIWSrMXg3ofIE+a8d/GcvNTd8apeB2wweMFs23nw9yIqGAa6PqBbxNMQs5pxCpX0g=="
    }
  },
  "dependencies": {
    "array-find-last": {
      "version": "1.0.1",
      "resolved": "https://registry.npmjs.org/array-find-last/-/array-find-last-1.0.1.tgz",
      "integrity": "sha512-cadRoNZYhii2GByVyZqAFfIWSrMXg3ofIE+a8d/GcvNTd8apeB2wweMFs23nw9yIqGAa6PqBbxNMQs5pxCpX0g=="
    }
  }
}
